
Microsoft Visual Studio Solution File, Format Version 12.00
# Visual Studio 2013
VisualStudioVersion = 12.0.31101.0
MinimumVisualStudioVersion = 10.0.40219.1
Project("{FAE04EC0-301F-11D3-BF4B-00C04F79EFBC}") = "TriangleLibrary", "TriangleLibrary\TriangleLibrary.csproj", "{D73414DF-4921-4E79-BF27-583E7D23AEF8}"
EndProject
Project("{FAE04EC0-301F-11D3-BF4B-00C04F79EFBC}") = "UnitTests", "UnitTests\UnitTests.csproj", "{3CD5EAA1-4EE8-4208-AAB3-A60E7402BE53}"
EndProject
Global
	GlobalSection(SolutionConfigurationPlatforms) = preSolution
		Debug|Any CPU = Debug|Any CPU
		Release|Any CPU = Release|Any CPU
	EndGlobalSection
	GlobalSection(ProjectConfigurationPlatforms) = postSolution
		{D73414DF-4921-4E79-BF27-583E7D23AEF8}.Debug|Any CPU.ActiveCfg = Debug|Any CPU
		{D73414DF-4921-4E79-BF27-583E7D23AEF8}.Debug|Any CPU.Build.0 = Debug|Any CPU
		{D73414DF-4921-4E79-BF27-583E7D23AEF8}.Release|Any CPU.ActiveCfg = Release|Any CPU
		{D73414DF-4921-4E79-BF27-583E7D23AEF8}.Release|Any CPU.Build.0 = Release|Any CPU
		{3CD5EAA1-4EE8-4208-AAB3-A60E7402BE53}.Debug|Any CPU.ActiveCfg = Debug|Any CPU
		{3CD5EAA1-4EE8-4208-AAB3-A60E7402BE53}.Debug|Any CPU.Build.0 = Debug|Any CPU
		{3CD5EAA1-4EE8-4208-AAB3-A60E7402BE53}.Release|Any CPU.ActiveCfg = Release|Any CPU
		{3CD5EAA1-4EE8-4208-AAB3-A60E7402BE53}.Release|Any CPU.Build.0 = Release|Any CPU
	EndGlobalSection
	GlobalSection(SolutionProperties) = preSolution
		HideSolutionNode = FALSE
	EndGlobalSection
EndGlobal
